
Microsoft Visual Studio Solution File, Format Version 12.00
# Visual Studio Version 16
VisualStudioVersion = 16.0.31005.135
MinimumVisualStudioVersion = 10.0.40219.1
Project("{FAE04EC0-301F-11D3-BF4B-00C04F79EFBC}") = "SoftUni", "SoftUni\SoftUni.csproj", "{DB3122BB-5C82-439F-AE52-61A0EB9A30F3}"
EndProject
Global
	GlobalSection(SolutionConfigurationPlatforms) = preSolution
		Debug|Any CPU = Debug|Any CPU
		Release|Any CPU = Release|Any CPU
	EndGlobalSection
	GlobalSection(ProjectConfigurationPlatforms) = postSolution
		{DB3122BB-5C82-439F-AE52-61A0EB9A30F3}.Debug|Any CPU.ActiveCfg = Debug|Any CPU
		{DB3122BB-5C82-439F-AE52-61A0EB9A30F3}.Debug|Any CPU.Build.0 = Debug|Any CPU
		{DB3122BB-5C82-439F-AE52-61A0EB9A30F3}.Release|Any CPU.ActiveCfg = Release|Any CPU
		{DB3122BB-5C82-439F-AE52-61A0EB9A30F3}.Release|Any CPU.Build.0 = Release|Any CPU
	EndGlobalSection
	GlobalSection(SolutionProperties) = preSolution
		HideSolutionNode = FALSE
	EndGlobalSection
	GlobalSection(ExtensibilityGlobals) = postSolution
		SolutionGuid = {8D5F956E-89F9-4C10-8ADD-151FF08419C9}
	EndGlobalSection
EndGlobal
